
Microsoft Visual Studio Solution File, Format Version 12.00
# Visual Studio Version 17
VisualStudioVersion = 17.13.35919.96
MinimumVisualStudioVersion = 10.0.40219.1
Project("{FAE04EC0-301F-11D3-BF4B-00C04F79EFBC}") = "PropertyRent", "ProprtyRent\PropertyRent.csproj", "{9EF99B1C-EB41-4925-81C9-8DA1E91F9B21}"
EndProject
Global
	GlobalSection(SolutionConfigurationPlatforms) = preSolution
		Debug|Any CPU = Debug|Any CPU
		Release|Any CPU = Release|Any CPU
	EndGlobalSection
	GlobalSection(ProjectConfigurationPlatforms) = postSolution
		{9EF99B1C-EB41-4925-81C9-8DA1E91F9B21}.Debug|Any CPU.ActiveCfg = Debug|Any CPU
		{9EF99B1C-EB41-4925-81C9-8DA1E91F9B21}.Debug|Any CPU.Build.0 = Debug|Any CPU
		{9EF99B1C-EB41-4925-81C9-8DA1E91F9B21}.Release|Any CPU.ActiveCfg = Release|Any CPU
		{9EF99B1C-EB41-4925-81C9-8DA1E91F9B21}.Release|Any CPU.Build.0 = Release|Any CPU
	EndGlobalSection
	GlobalSection(SolutionProperties) = preSolution
		HideSolutionNode = FALSE
	EndGlobalSection
	GlobalSection(ExtensibilityGlobals) = postSolution
		SolutionGuid = {71F56625-BE12-4049-B10D-043A887570D7}
	EndGlobalSection
EndGlobal
